
Microsoft Visual Studio Solution File, Format Version 12.00
# Visual Studio Version 16
VisualStudioVersion = 16.0.31729.503
MinimumVisualStudioVersion = 10.0.40219.1
Project("{9A19103F-16F7-4668-BE54-9A1E7A4F7556}") = "Limcap.SSTcp", "Limcap.SSTcp.csproj", "{8E46F446-F9A0-463D-90B4-CEE2107EBCAF}"
EndProject
Global
	GlobalSection(SolutionConfigurationPlatforms) = preSolution
		Debug|Any CPU = Debug|Any CPU
		Release|Any CPU = Release|Any CPU
	EndGlobalSection
	GlobalSection(ProjectConfigurationPlatforms) = postSolution
		{8E46F446-F9A0-463D-90B4-CEE2107EBCAF}.Debug|Any CPU.ActiveCfg = Debug|Any CPU
		{8E46F446-F9A0-463D-90B4-CEE2107EBCAF}.Debug|Any CPU.Build.0 = Debug|Any CPU
		{8E46F446-F9A0-463D-90B4-CEE2107EBCAF}.Release|Any CPU.ActiveCfg = Release|Any CPU
		{8E46F446-F9A0-463D-90B4-CEE2107EBCAF}.Release|Any CPU.Build.0 = Release|Any CPU
	EndGlobalSection
	GlobalSection(SolutionProperties) = preSolution
		HideSolutionNode = FALSE
	EndGlobalSection
	GlobalSection(ExtensibilityGlobals) = postSolution
		SolutionGuid = {2548A31E-580A-433A-AE3A-5A3185516FFF}
	EndGlobalSection
EndGlobal
